// !$*UTF8*$!
{
	archiveVersion = 1;
	classes = {
	};
	objectVersion = 77;
	objects = {

/* Begin PBXContainerItemProxy section */
		A9BCC0C62ECDDE6800E753D4 /* PBXContainerItemProxy */ = {
			isa = PBXContainerItemProxy;
			containerPortal = A9BCC0A72ECDDE6600E753D4 /* Project object */;
			proxyType = 1;
			remoteGlobalIDString = A9BCC0AE2ECDDE6600E753D4;
			remoteInfo = GalacticArchives;
		};
		A9BCC0D02ECDDE6800E753D4 /* PBXContainerItemProxy */ = {
			isa = PBXContainerItemProxy;
			containerPortal = A9BCC0A72ECDDE6600E753D4 /* Project object */;
			proxyType = 1;
			remoteGlobalIDString = A9BCC0AE2ECDDE6600E753D4;
			remoteInfo = GalacticArchives;
		};
/* End PBXContainerItemProxy section */

/* Begin PBXFileReference section */
		A9BCC0AF2ECDDE6600E753D4 /* GalacticArchives.app */ = {isa = PBXFileReference; explicitFileType = wrapper.application; includeInIndex = 0; path = GalacticArchives.app; sourceTree = BUILT_PRODUCTS_DIR; };
		A9BCC0C52ECDDE6800E753D4 /* GalacticArchivesTests.xctest */ = {isa = PBXFileReference; explicitFileType = wrapper.cfbundle; includeInIndex = 0; path = GalacticArchivesTests.xctest; sourceTree = BUILT_PRODUCTS_DIR; };
		A9BCC0CF2ECDDE6800E753D4 /* GalacticArchivesUITests.xctest */ = {isa = PBXFileReference; explicitFileType = wrapper.cfbundle; includeInIndex = 0; path = GalacticArchivesUITests.xctest; sourceTree = BUILT_PRODUCTS_DIR; };
/* End PBXFileReference section */

/* Begin PBXFileSystemSynchronizedBuildFileExceptionSet section */
		A9BCC0D72ECDDE6800E753D4 /* Exceptions for "GalacticArchives" folder in "GalacticArchives" target */ = {
			isa = PBXFileSystemSynchronizedBuildFileExceptionSet;
			membershipExceptions = (
				Info.plist,
			);
			target = A9BCC0AE2ECDDE6600E753D4 /* GalacticArchives */;
		};
/* End PBXFileSystemSynchronizedBuildFileExceptionSet section */

/* Begin PBXFileSystemSynchronizedRootGroup section */
		A9BCC0B12ECDDE6600E753D4 /* GalacticArchives */ = {
			isa = PBXFileSystemSynchronizedRootGroup;
			exceptions = (
				A9BCC0D72ECDDE6800E753D4 /* Exceptions for "GalacticArchives" folder in "GalacticArchives" target */,
			);
			path = GalacticArchives;
			sourceTree = "<group>";
		};
		A9BCC0C82ECDDE6800E753D4 /* GalacticArchivesTests */ = {
			isa = PBXFileSystemSynchronizedRootGroup;
			path = GalacticArchivesTests;
			sourceTree = "<group>";
		};
		A9BCC0D22ECDDE6800E753D4 /* GalacticArchivesUITests */ = {
			isa = PBXFileSystemSynchronizedRootGroup;
			path = GalacticArchivesUITests;
			sourceTree = "<group>";
		};
/* End PBXFileSystemSynchronizedRootGroup section */

/* Begin PBXFrameworksBuildPhase section */
		A9BCC0AC2ECDDE6600E753D4 /* Frameworks */ = {
			isa = PBXFrameworksBuildPhase;
			buildActionMask = 2147483647;
			files = (
			);
			runOnlyForDeploymentPostprocessing = 0;
		};
		A9BCC0C22ECDDE6800E753D4 /* Frameworks */ = {
			isa = PBXFrameworksBuildPhase;
			buildActionMask = 2147483647;
			files = (
			);
			runOnlyForDeploymentPostprocessing = 0;
		};
		A9BCC0CC2ECDDE6800E753D4 /* Frameworks */ = {
			isa = PBXFrameworksBuildPhase;
			buildActionMask = 2147483647;
			files = (
			);
			runOnlyForDeploymentPostprocessing = 0;
		};
/* End PBXFrameworksBuildPhase section */

/* Begin PBXGroup section */
		A9BCC0A62ECDDE6600E753D4 = {
			isa = PBXGroup;
			children = (
				A9BCC0B12ECDDE6600E753D4 /* GalacticArchives */,
				A9BCC0C82ECDDE6800E753D4 /* GalacticArchivesTests */,
				A9BCC0D22ECDDE6800E753D4 /* GalacticArchivesUITests */,
				A9BCC0B02ECDDE6600E753D4 /* Products */,
			);
			sourceTree = "<group>";
		};
		A9BCC0B02ECDDE6600E753D4 /* Products */ = {
			isa = PBXGroup;
			children = (
				A9BCC0AF2ECDDE6600E753D4 /* GalacticArchives.app */,
				A9BCC0C52ECDDE6800E753D4 /* GalacticArchivesTests.xctest */,
				A9BCC0CF2ECDDE6800E753D4 /* GalacticArchivesUITests.xctest */,
			);
			name = Products;
			sourceTree = "<group>";
		};
/* End PBXGroup section */

/* Begin PBXNativeTarget section */
		A9BCC0AE2ECDDE6600E753D4 /* GalacticArchives */ = {
			isa = PBXNativeTarget;
			buildConfigurationList = A9BCC0D82ECDDE6800E753D4 /* Build configuration list for PBXNativeTarget "GalacticArchives" */;
			buildPhases = (
				A9BCC0AB2ECDDE6600E753D4 /* Sources */,
				A9BCC0AC2ECDDE6600E753D4 /* Frameworks */,
				A9BCC0AD2ECDDE6600E753D4 /* Resources */,
			);
			buildRules = (
			);
			dependencies = (
			);
			fileSystemSynchronizedGroups = (
				A9BCC0B12ECDDE6600E753D4 /* GalacticArchives */,
			);
			name = GalacticArchives;
			packageProductDependencies = (
			);
			productName = GalacticArchives;
			productReference = A9BCC0AF2ECDDE6600E753D4 /* GalacticArchives.app */;
			productType = "com.apple.product-type.application";
		};
		A9BCC0C42ECDDE6800E753D4 /* GalacticArchivesTests */ = {
			isa = PBXNativeTarget;
			buildConfigurationList = A9BCC0DD2ECDDE6800E753D4 /* Build configuration list for PBXNativeTarget "GalacticArchivesTests" */;
			buildPhases = (
				A9BCC0C12ECDDE6800E753D4 /* Sources */,
				A9BCC0C22ECDDE6800E753D4 /* Frameworks */,
				A9BCC0C32ECDDE6800E753D4 /* Resources */,
			);
			buildRules = (
			);
			dependencies = (
				A9BCC0C72ECDDE6800E753D4 /* PBXTargetDependency */,
			);
			fileSystemSynchronizedGroups = (
				A9BCC0C82ECDDE6800E753D4 /* GalacticArchivesTests */,
			);
			name = GalacticArchivesTests;
			packageProductDependencies = (
			);
			productName = GalacticArchivesTests;
			productReference = A9BCC0C52ECDDE6800E753D4 /* GalacticArchivesTests.xctest */;
			productType = "com.apple.product-type.bundle.unit-test";
		};
		A9BCC0CE2ECDDE6800E753D4 /* GalacticArchivesUITests */ = {
			isa = PBXNativeTarget;
			buildConfigurationList = A9BCC0E02ECDDE6800E753D4 /* Build configuration list for PBXNativeTarget "GalacticArchivesUITests" */;
			buildPhases = (
				A9BCC0CB2ECDDE6800E753D4 /* Sources */,
				A9BCC0CC2ECDDE6800E753D4 /* Frameworks */,
				A9BCC0CD2ECDDE6800E753D4 /* Resources */,
			);
			buildRules = (
			);
			dependencies = (
				A9BCC0D12ECDDE6800E753D4 /* PBXTargetDependency */,
			);
			fileSystemSynchronizedGroups = (
				A9BCC0D22ECDDE6800E753D4 /* GalacticArchivesUITests */,
			);
			name = GalacticArchivesUITests;
			packageProductDependencies = (
			);
			productName = GalacticArchivesUITests;
			productReference = A9BCC0CF2ECDDE6800E753D4 /* GalacticArchivesUITests.xctest */;
			productType = "com.apple.product-type.bundle.ui-testing";
		};
/* End PBXNativeTarget section */

/* Begin PBXProject section */
		A9BCC0A72ECDDE6600E753D4 /* Project object */ = {
			isa = PBXProject;
			attributes = {
				BuildIndependentTargetsInParallel = 1;
				LastSwiftUpdateCheck = 1640;
				LastUpgradeCheck = 1640;
				TargetAttributes = {
					A9BCC0AE2ECDDE6600E753D4 = {
						CreatedOnToolsVersion = 16.4;
					};
					A9BCC0C42ECDDE6800E753D4 = {
						CreatedOnToolsVersion = 16.4;
						TestTargetID = A9BCC0AE2ECDDE6600E753D4;
					};
					A9BCC0CE2ECDDE6800E753D4 = {
						CreatedOnToolsVersion = 16.4;
						TestTargetID = A9BCC0AE2ECDDE6600E753D4;
					};
				};
			};
			buildConfigurationList = A9BCC0AA2ECDDE6600E753D4 /* Build configuration list for PBXProject "GalacticArchives" */;
			developmentRegion = en;
			hasScannedForEncodings = 0;
			knownRegions = (
				en,
				Base,
			);
			mainGroup = A9BCC0A62ECDDE6600E753D4;
			minimizedProjectReferenceProxies = 1;
			preferredProjectObjectVersion = 77;
			productRefGroup = A9BCC0B02ECDDE6600E753D4 /* Products */;
			projectDirPath = "";
			projectRoot = "";
			targets = (
				A9BCC0AE2ECDDE6600E753D4 /* GalacticArchives */,
				A9BCC0C42ECDDE6800E753D4 /* GalacticArchivesTests */,
				A9BCC0CE2ECDDE6800E753D4 /* GalacticArchivesUITests */,
			);
		};
/* End PBXProject section */

/* Begin PBXResourcesBuildPhase section */
		A9BCC0AD2ECDDE6600E753D4 /* Resources */ = {
			isa = PBXResourcesBuildPhase;
			buildActionMask = 2147483647;
			files = (
			);
			runOnlyForDeploymentPostprocessing = 0;
		};
		A9BCC0C32ECDDE6800E753D4 /* Resources */ = {
			isa = PBXResourcesBuildPhase;
			buildActionMask = 2147483647;
			files = (
			);
			runOnlyForDeploymentPostprocessing = 0;
		};
		A9BCC0CD2ECDDE6800E753D4 /* Resources */ = {
			isa = PBXResourcesBuildPhase;
			buildActionMask = 2147483647;
			files = (
			);
			runOnlyForDeploymentPostprocessing = 0;
		};
/* End PBXResourcesBuildPhase section */

/* Begin PBXSourcesBuildPhase section */
		A9BCC0AB2ECDDE6600E753D4 /* Sources */ = {
			isa = PBXSourcesBuildPhase;
			buildActionMask = 2147483647;
			files = (
			);
			runOnlyForDeploymentPostprocessing = 0;
		};
		A9BCC0C12ECDDE6800E753D4 /* Sources */ = {
			isa = PBXSourcesBuildPhase;
			buildActionMask = 2147483647;
			files = (
			);
			runOnlyForDeploymentPostprocessing = 0;
		};
		A9BCC0CB2ECDDE6800E753D4 /* Sources */ = {
			isa = PBXSourcesBuildPhase;
			buildActionMask = 2147483647;
			files = (
			);
			runOnlyForDeploymentPostprocessing = 0;
		};
/* End PBXSourcesBuildPhase section */

/* Begin PBXTargetDependency section */
		A9BCC0C72ECDDE6800E753D4 /* PBXTargetDependency */ = {
			isa = PBXTargetDependency;
			target = A9BCC0AE2ECDDE6600E753D4 /* GalacticArchives */;
			targetProxy = A9BCC0C62ECDDE6800E753D4 /* PBXContainerItemProxy */;
		};
		A9BCC0D12ECDDE6800E753D4 /* PBXTargetDependency */ = {
			isa = PBXTargetDependency;
			target = A9BCC0AE2ECDDE6600E753D4 /* GalacticArchives */;
			targetProxy = A9BCC0D02ECDDE6800E753D4 /* PBXContainerItemProxy */;
		};
/* End PBXTargetDependency section */

/* Begin XCBuildConfiguration section */
		A9BCC0D92ECDDE6800E753D4 /* Debug */ = {
			isa = XCBuildConfiguration;
			buildSettings = {
				ASSETCATALOG_COMPILER_APPICON_NAME = AppIcon;
				ASSETCATALOG_COMPILER_GLOBAL_ACCENT_COLOR_NAME = AccentColor;
				CODE_SIGN_STYLE = Automatic;
				CURRENT_PROJECT_VERSION = 1;
				GENERATE_INFOPLIST_FILE = YES;
				INFOPLIST_FILE = GalacticArchives/Info.plist;
				INFOPLIST_KEY_UIApplicationSupportsIndirectInputEvents = YES;
				INFOPLIST_KEY_UILaunchStoryboardName = LaunchScreen;
				INFOPLIST_KEY_UIMainStoryboardFile = Main;
				INFOPLIST_KEY_UISupportedInterfaceOrientations_iPad = "UIInterfaceOrientationPortrait UIInterfaceOrientationPortraitUpsideDown UIInterfaceOrientationLandscapeLeft UIInterfaceOrientationLandscapeRight";
				INFOPLIST_KEY_UISupportedInterfaceOrientations_iPhone = "UIInterfaceOrientationPortrait UIInterfaceOrientationLandscapeLeft UIInterfaceOrientationLandscapeRight";
				LD_RUNPATH_SEARCH_PATHS = (
					"$(inherited)",
					"@executable_path/Frameworks",
				);
				MARKETING_VERSION = 1.0;
				PRODUCT_BUNDLE_IDENTIFIER = codepath.GalacticArchives;
				PRODUCT_NAME = "$(TARGET_NAME)";
				SWIFT_EMIT_LOC_STRINGS = YES;
				SWIFT_VERSION = 5.0;
				TARGETED_DEVICE_FAMILY = "1,2";
			};
			name = Debug;
		};
		A9BCC0DA2ECDDE6800E753D4 /* Release */ = {
			isa = XCBuildConfiguration;
			buildSettings = {
				ASSETCATALOG_COMPILER_APPICON_NAME = AppIcon;
				ASSETCATALOG_COMPILER_GLOBAL_ACCENT_COLOR_NAME = AccentColor;
				CODE_SIGN_STYLE = Automatic;
				CURRENT_PROJECT_VERSION = 1;
				GENERATE_INFOPLIST_FILE = YES;
				INFOPLIST_FILE = GalacticArchives/Info.plist;
				INFOPLIST_KEY_UIApplicationSupportsIndirectInputEvents = YES;
				INFOPLIST_KEY_UILaunchStoryboardName = LaunchScreen;
				INFOPLIST_KEY_UIMainStoryboardFile = Main;
				INFOPLIST_KEY_UISupportedInterfaceOrientations_iPad = "UIInterfaceOrientationPortrait UIInterfaceOrientationPortraitUpsideDown UIInterfaceOrientationLandscapeLeft UIInterfaceOrientationLandscapeRight";
				INFOPLIST_KEY_UISupportedInterfaceOrientations_iPhone = "UIInterfaceOrientationPortrait UIInterfaceOrientationLandscapeLeft UIInterfaceOrientationLandscapeRight";
				LD_RUNPATH_SEARCH_PATHS = (
					"$(inherited)",
					"@executable_path/Frameworks",
				);
				MARKETING_VERSION = 1.0;
				PRODUCT_BUNDLE_IDENTIFIER = codepath.GalacticArchives;
				PRODUCT_NAME = "$(TARGET_NAME)";
				SWIFT_EMIT_LOC_STRINGS = YES;
				SWIFT_VERSION = 5.0;
				TARGETED_DEVICE_FAMILY = "1,2";
			};
			name = Release;
		};
		A9BCC0DB2ECDDE6800E753D4 /* Debug */ = {
			isa = XCBuildConfiguration;
			buildSettings = {
				ALWAYS_SEARCH_USER_PATHS = NO;
				ASSETCATALOG_COMPILER_GENERATE_SWIFT_ASSET_SYMBOL_EXTENSIONS = YES;
				CLANG_ANALYZER_NONNULL = YES;
				CLANG_ANALYZER_NUMBER_OBJECT_CONVERSION = YES_AGGRESSIVE;
				CLANG_CXX_LANGUAGE_STANDARD = "gnu++20";
				CLANG_ENABLE_MODULES = YES;
				CLANG_ENABLE_OBJC_ARC = YES;
				CLANG_ENABLE_OBJC_WEAK = YES;
				CLANG_WARN_BLOCK_CAPTURE_AUTORELEASING = YES;
				CLANG_WARN_BOOL_CONVERSION = YES;
				CLANG_WARN_COMMA = YES;
				CLANG_WARN_CONSTANT_CONVERSION = YES;
				CLANG_WARN_DEPRECATED_OBJC_IMPLEMENTATIONS = YES;
				CLANG_WARN_DIRECT_OBJC_ISA_USAGE = YES_ERROR;
				CLANG_WARN_DOCUMENTATION_COMMENTS = YES;
				CLANG_WARN_EMPTY_BODY = YES;
				CLANG_WARN_ENUM_CONVERSION = YES;
				CLANG_WARN_INFINITE_RECURSION = YES;
				CLANG_WARN_INT_CONVERSION = YES;
				CLANG_WARN_NON_LITERAL_NULL_CONVERSION = YES;
				CLANG_WARN_OBJC_IMPLICIT_RETAIN_SELF = YES;
				CLANG_WARN_OBJC_LITERAL_CONVERSION = YES;
				CLANG_WARN_OBJC_ROOT_CLASS = YES_ERROR;
				CLANG_WARN_QUOTED_INCLUDE_IN_FRAMEWORK_HEADER = YES;
				CLANG_WARN_RANGE_LOOP_ANALYSIS = YES;
				CLANG_WARN_STRICT_PROTOTYPES = YES;
				CLANG_WARN_SUSPICIOUS_MOVE = YES;
				CLANG_WARN_UNGUARDED_AVAILABILITY = YES_AGGRESSIVE;
				CLANG_WARN_UNREACHABLE_CODE = YES;
				CLANG_WARN__DUPLICATE_METHOD_MATCH = YES;
				COPY_PHASE_STRIP = NO;
				DEBUG_INFORMATION_FORMAT = dwarf;
				ENABLE_STRICT_OBJC_MSGSEND = YES;
				ENABLE_TESTABILITY = YES;
				ENABLE_USER_SCRIPT_SANDBOXING = YES;
				GCC_C_LANGUAGE_STANDARD = gnu17;
				GCC_DYNAMIC_NO_PIC = NO;
				GCC_NO_COMMON_BLOCKS = YES;
				GCC_OPTIMIZATION_LEVEL = 0;
				GCC_PREPROCESSOR_DEFINITIONS = (
					"DEBUG=1",
					"$(inherited)",
				);
				GCC_WARN_64_TO_32_BIT_CONVERSION = YES;
				GCC_WARN_ABOUT_RETURN_TYPE = YES_ERROR;
				GCC_WARN_UNDECLARED_SELECTOR = YES;
				GCC_WARN_UNINITIALIZED_AUTOS = YES_AGGRESSIVE;
				GCC_WARN_UNUSED_FUNCTION = YES;
				GCC_WARN_UNUSED_VARIABLE = YES;
				IPHONEOS_DEPLOYMENT_TARGET = 18.5;
				LOCALIZATION_PREFERS_STRING_CATALOGS = YES;
				MTL_ENABLE_DEBUG_INFO = INCLUDE_SOURCE;
				MTL_FAST_MATH = YES;
				ONLY_ACTIVE_ARCH = YES;
				SDKROOT = iphoneos;
				SWIFT_ACTIVE_COMPILATION_CONDITIONS = "DEBUG $(inherited)";
				SWIFT_OPTIMIZATION_LEVEL = "-Onone";
			};
			name = Debug;
		};
		A9BCC0DC2ECDDE6800E753D4 /* Release */ = {
			isa = XCBuildConfiguration;
			buildSettings = {
				ALWAYS_SEARCH_USER_PATHS = NO;
				ASSETCATALOG_COMPILER_GENERATE_SWIFT_ASSET_SYMBOL_EXTENSIONS = YES;
				CLANG_ANALYZER_NONNULL = YES;
				CLANG_ANALYZER_NUMBER_OBJECT_CONVERSION = YES_AGGRESSIVE;
				CLANG_CXX_LANGUAGE_STANDARD = "gnu++20";
				CLANG_ENABLE_MODULES = YES;
				CLANG_ENABLE_OBJC_ARC = YES;
				CLANG_ENABLE_OBJC_WEAK = YES;
				CLANG_WARN_BLOCK_CAPTURE_AUTORELEASING = YES;
				CLANG_WARN_BOOL_CONVERSION = YES;
				CLANG_WARN_COMMA = YES;
				CLANG_WARN_CONSTANT_CONVERSION = YES;
				CLANG_WARN_DEPRECATED_OBJC_IMPLEMENTATIONS = YES;
				CLANG_WARN_DIRECT_OBJC_ISA_USAGE = YES_ERROR;
				CLANG_WARN_DOCUMENTATION_COMMENTS = YES;
				CLANG_WARN_EMPTY_BODY = YES;
				CLANG_WARN_ENUM_CONVERSION = YES;
				CLANG_WARN_INFINITE_RECURSION = YES;
				CLANG_WARN_INT_CONVERSION = YES;
				CLANG_WARN_NON_LITERAL_NULL_CONVERSION = YES;
				CLANG_WARN_OBJC_IMPLICIT_RETAIN_SELF = YES;
				CLANG_WARN_OBJC_LITERAL_CONVERSION = YES;
				CLANG_WARN_OBJC_ROOT_CLASS = YES_ERROR;
				CLANG_WARN_QUOTED_INCLUDE_IN_FRAMEWORK_HEADER = YES;
				CLANG_WARN_RANGE_LOOP_ANALYSIS = YES;
				CLANG_WARN_STRICT_PROTOTYPES = YES;
				CLANG_WARN_SUSPICIOUS_MOVE = YES;
				CLANG_WARN_UNGUARDED_AVAILABILITY = YES_AGGRESSIVE;
				CLANG_WARN_UNREACHABLE_CODE = YES;
				CLANG_WARN__DUPLICATE_METHOD_MATCH = YES;
				COPY_PHASE_STRIP = NO;
				DEBUG_INFORMATION_FORMAT = "dwarf-with-dsym";
				ENABLE_NS_ASSERTIONS = NO;
				ENABLE_STRICT_OBJC_MSGSEND = YES;
				ENABLE_USER_SCRIPT_SANDBOXING = YES;
				GCC_C_LANGUAGE_STANDARD = gnu17;
				GCC_NO_COMMON_BLOCKS = YES;
				GCC_WARN_64_TO_32_BIT_CONVERSION = YES;
				GCC_WARN_ABOUT_RETURN_TYPE = YES_ERROR;
				GCC_WARN_UNDECLARED_SELECTOR = YES;
				GCC_WARN_UNINITIALIZED_AUTOS = YES_AGGRESSIVE;
				GCC_WARN_UNUSED_FUNCTION = YES;
				GCC_WARN_UNUSED_VARIABLE = YES;
				IPHONEOS_DEPLOYMENT_TARGET = 18.5;
				LOCALIZATION_PREFERS_STRING_CATALOGS = YES;
				MTL_ENABLE_DEBUG_INFO = NO;
				MTL_FAST_MATH = YES;
				SDKROOT = iphoneos;
				SWIFT_COMPILATION_MODE = wholemodule;
				VALIDATE_PRODUCT = YES;
			};
			name = Release;
		};
		A9BCC0DE2ECDDE6800E753D4 /* Debug */ = {
			isa = XCBuildConfiguration;
			buildSettings = {
				BUNDLE_LOADER = "$(TEST_HOST)";
				CODE_SIGN_STYLE = Automatic;
				CURRENT_PROJECT_VERSION = 1;
				GENERATE_INFOPLIST_FILE = YES;
				IPHONEOS_DEPLOYMENT_TARGET = 18.5;
				MARKETING_VERSION = 1.0;
				PRODUCT_BUNDLE_IDENTIFIER = codepath.GalacticArchivesTests;
				PRODUCT_NAME = "$(TARGET_NAME)";
				SWIFT_EMIT_LOC_STRINGS = NO;
				SWIFT_VERSION = 5.0;
				TARGETED_DEVICE_FAMILY = "1,2";
				TEST_HOST = "$(BUILT_PRODUCTS_DIR)/GalacticArchives.app/$(BUNDLE_EXECUTABLE_FOLDER_PATH)/GalacticArchives";
			};
			name = Debug;
		};
		A9BCC0DF2ECDDE6800E753D4 /* Release */ = {
			isa = XCBuildConfiguration;
			buildSettings = {
				BUNDLE_LOADER = "$(TEST_HOST)";
				CODE_SIGN_STYLE = Automatic;
				CURRENT_PROJECT_VERSION = 1;
				GENERATE_INFOPLIST_FILE = YES;
				IPHONEOS_DEPLOYMENT_TARGET = 18.5;
				MARKETING_VERSION = 1.0;
				PRODUCT_BUNDLE_IDENTIFIER = codepath.GalacticArchivesTests;
				PRODUCT_NAME = "$(TARGET_NAME)";
				SWIFT_EMIT_LOC_STRINGS = NO;
				SWIFT_VERSION = 5.0;
				TARGETED_DEVICE_FAMILY = "1,2";
				TEST_HOST = "$(BUILT_PRODUCTS_DIR)/GalacticArchives.app/$(BUNDLE_EXECUTABLE_FOLDER_PATH)/GalacticArchives";
			};
			name = Release;
		};
		A9BCC0E12ECDDE6800E753D4 /* Debug */ = {
			isa = XCBuildConfiguration;
			buildSettings = {
				CODE_SIGN_STYLE = Automatic;
				CURRENT_PROJECT_VERSION = 1;
				GENERATE_INFOPLIST_FILE = YES;
				MARKETING_VERSION = 1.0;
				PRODUCT_BUNDLE_IDENTIFIER = codepath.GalacticArchivesUITests;
				PRODUCT_NAME = "$(TARGET_NAME)";
				SWIFT_EMIT_LOC_STRINGS = NO;
				SWIFT_VERSION = 5.0;
				TARGETED_DEVICE_FAMILY = "1,2";
				TEST_TARGET_NAME = GalacticArchives;
			};
			name = Debug;
		};
		A9BCC0E22ECDDE6800E753D4 /* Release */ = {
			isa = XCBuildConfiguration;
			buildSettings = {
				CODE_SIGN_STYLE = Automatic;
				CURRENT_PROJECT_VERSION = 1;
				GENERATE_INFOPLIST_FILE = YES;
				MARKETING_VERSION = 1.0;
				PRODUCT_BUNDLE_IDENTIFIER = codepath.GalacticArchivesUITests;
				PRODUCT_NAME = "$(TARGET_NAME)";
				SWIFT_EMIT_LOC_STRINGS = NO;
				SWIFT_VERSION = 5.0;
				TARGETED_DEVICE_FAMILY = "1,2";
				TEST_TARGET_NAME = GalacticArchives;
			};
			name = Release;
		};
/* End XCBuildConfiguration section */

/* Begin XCConfigurationList section */
		A9BCC0AA2ECDDE6600E753D4 /* Build configuration list for PBXProject "GalacticArchives" */ = {
			isa = XCConfigurationList;
			buildConfigurations = (
				A9BCC0DB2ECDDE6800E753D4 /* Debug */,
				A9BCC0DC2ECDDE6800E753D4 /* Release */,
			);
			defaultConfigurationIsVisible = 0;
			defaultConfigurationName = Release;
		};
		A9BCC0D82ECDDE6800E753D4 /* Build configuration list for PBXNativeTarget "GalacticArchives" */ = {
			isa = XCConfigurationList;
			buildConfigurations = (
				A9BCC0D92ECDDE6800E753D4 /* Debug */,
				A9BCC0DA2ECDDE6800E753D4 /* Release */,
			);
			defaultConfigurationIsVisible = 0;
			defaultConfigurationName = Release;
		};
		A9BCC0DD2ECDDE6800E753D4 /* Build configuration list for PBXNativeTarget "GalacticArchivesTests" */ = {
			isa = XCConfigurationList;
			buildConfigurations = (
				A9BCC0DE2ECDDE6800E753D4 /* Debug */,
				A9BCC0DF2ECDDE6800E753D4 /* Release */,
			);
			defaultConfigurationIsVisible = 0;
			defaultConfigurationName = Release;
		};
		A9BCC0E02ECDDE6800E753D4 /* Build configuration list for PBXNativeTarget "GalacticArchivesUITests" */ = {
			isa = XCConfigurationList;
			buildConfigurations = (
				A9BCC0E12ECDDE6800E753D4 /* Debug */,
				A9BCC0E22ECDDE6800E753D4 /* Release */,
			);
			defaultConfigurationIsVisible = 0;
			defaultConfigurationName = Release;
		};
/* End XCConfigurationList section */
	};
	rootObject = A9BCC0A72ECDDE6600E753D4 /* Project object */;
}
